// !$*UTF8*$!
{
	archiveVersion = 1;
	classes = {
	};
	objectVersion = 50;
	objects = {

/* Begin PBXBuildFile section */
		3F20765A24F19E8500973D36 /* KeychainDemoViewController+TextField.swift in Sources */ = {isa = PBXBuildFile; fileRef = 3F20765924F19E8500973D36 /* KeychainDemoViewController+TextField.swift */; };
		3FD0B13924F193AB0085306B /* AppDelegate.swift in Sources */ = {isa = PBXBuildFile; fileRef = 3FD0B13824F193AB0085306B /* AppDelegate.swift */; };
		3FD0B13D24F193AB0085306B /* KeychainDemoViewController.swift in Sources */ = {isa = PBXBuildFile; fileRef = 3FD0B13C24F193AB0085306B /* KeychainDemoViewController.swift */; };
		3FD0B14024F193AB0085306B /* Main.storyboard in Resources */ = {isa = PBXBuildFile; fileRef = 3FD0B13E24F193AB0085306B /* Main.storyboard */; };
		3FD0B14224F193AF0085306B /* Assets.xcassets in Resources */ = {isa = PBXBuildFile; fileRef = 3FD0B14124F193AF0085306B /* Assets.xcassets */; };
		3FD0B14524F193AF0085306B /* LaunchScreen.storyboard in Resources */ = {isa = PBXBuildFile; fileRef = 3FD0B14324F193AF0085306B /* LaunchScreen.storyboard */; };
		3FD0B15224F194410085306B /* BasicKeychainDefaults.swift in Sources */ = {isa = PBXBuildFile; fileRef = 3FD0B15124F194410085306B /* BasicKeychainDefaults.swift */; };
		3FD0B15424F194450085306B /* KeychainPasswordItem.swift in Sources */ = {isa = PBXBuildFile; fileRef = 3FD0B15324F194450085306B /* KeychainPasswordItem.swift */; };
		3FD0B15624F1945A0085306B /* BasicKeychain.swift in Sources */ = {isa = PBXBuildFile; fileRef = 3FD0B15524F1945A0085306B /* BasicKeychain.swift */; };
		3FD0B15924F19C070085306B /* KeychainDemoViewController+Keychain.swift in Sources */ = {isa = PBXBuildFile; fileRef = 3FD0B15824F19C070085306B /* KeychainDemoViewController+Keychain.swift */; };
/* End PBXBuildFile section */

/* Begin PBXFileReference section */
		3F20765924F19E8500973D36 /* KeychainDemoViewController+TextField.swift */ = {isa = PBXFileReference; lastKnownFileType = sourcecode.swift; path = "KeychainDemoViewController+TextField.swift"; sourceTree = "<group>"; };
		3FD0B13524F193AB0085306B /* KeychainClearingSample.app */ = {isa = PBXFileReference; explicitFileType = wrapper.application; includeInIndex = 0; path = KeychainClearingSample.app; sourceTree = BUILT_PRODUCTS_DIR; };
		3FD0B13824F193AB0085306B /* AppDelegate.swift */ = {isa = PBXFileReference; lastKnownFileType = sourcecode.swift; path = AppDelegate.swift; sourceTree = "<group>"; };
		3FD0B13C24F193AB0085306B /* KeychainDemoViewController.swift */ = {isa = PBXFileReference; lastKnownFileType = sourcecode.swift; path = KeychainDemoViewController.swift; sourceTree = "<group>"; };
		3FD0B13F24F193AB0085306B /* Base */ = {isa = PBXFileReference; lastKnownFileType = file.storyboard; name = Base; path = Base.lproj/Main.storyboard; sourceTree = "<group>"; };
		3FD0B14124F193AF0085306B /* Assets.xcassets */ = {isa = PBXFileReference; lastKnownFileType = folder.assetcatalog; path = Assets.xcassets; sourceTree = "<group>"; };
		3FD0B14424F193AF0085306B /* Base */ = {isa = PBXFileReference; lastKnownFileType = file.storyboard; name = Base; path = Base.lproj/LaunchScreen.storyboard; sourceTree = "<group>"; };
		3FD0B14624F193AF0085306B /* Info.plist */ = {isa = PBXFileReference; lastKnownFileType = text.plist.xml; path = Info.plist; sourceTree = "<group>"; };
		3FD0B15124F194410085306B /* BasicKeychainDefaults.swift */ = {isa = PBXFileReference; fileEncoding = 4; lastKnownFileType = sourcecode.swift; path = BasicKeychainDefaults.swift; sourceTree = "<group>"; };
		3FD0B15324F194450085306B /* KeychainPasswordItem.swift */ = {isa = PBXFileReference; fileEncoding = 4; lastKnownFileType = sourcecode.swift; path = KeychainPasswordItem.swift; sourceTree = "<group>"; };
		3FD0B15524F1945A0085306B /* BasicKeychain.swift */ = {isa = PBXFileReference; fileEncoding = 4; lastKnownFileType = sourcecode.swift; path = BasicKeychain.swift; sourceTree = "<group>"; };
		3FD0B15824F19C070085306B /* KeychainDemoViewController+Keychain.swift */ = {isa = PBXFileReference; lastKnownFileType = sourcecode.swift; path = "KeychainDemoViewController+Keychain.swift"; sourceTree = "<group>"; };
/* End PBXFileReference section */

/* Begin PBXFrameworksBuildPhase section */
		3FD0B13224F193AB0085306B /* Frameworks */ = {
			isa = PBXFrameworksBuildPhase;
			buildActionMask = 2147483647;
			files = (
			);
			runOnlyForDeploymentPostprocessing = 0;
		};
/* End PBXFrameworksBuildPhase section */

/* Begin PBXGroup section */
		3FD0B12C24F193AB0085306B = {
			isa = PBXGroup;
			children = (
				3FD0B13724F193AB0085306B /* KeychainClearingSample */,
				3FD0B13624F193AB0085306B /* Products */,
			);
			sourceTree = "<group>";
		};
		3FD0B13624F193AB0085306B /* Products */ = {
			isa = PBXGroup;
			children = (
				3FD0B13524F193AB0085306B /* KeychainClearingSample.app */,
			);
			name = Products;
			sourceTree = "<group>";
		};
		3FD0B13724F193AB0085306B /* KeychainClearingSample */ = {
			isa = PBXGroup;
			children = (
				3FD0B14C24F1941C0085306B /* KeychainItem */,
				3FD0B15724F19BF60085306B /* KeychainDemoViewController */,
				3FD0B13824F193AB0085306B /* AppDelegate.swift */,
				3FD0B13E24F193AB0085306B /* Main.storyboard */,
				3FD0B14124F193AF0085306B /* Assets.xcassets */,
				3FD0B14324F193AF0085306B /* LaunchScreen.storyboard */,
				3FD0B14624F193AF0085306B /* Info.plist */,
			);
			path = KeychainClearingSample;
			sourceTree = "<group>";
		};
		3FD0B14C24F1941C0085306B /* KeychainItem */ = {
			isa = PBXGroup;
			children = (
				3FD0B15324F194450085306B /* KeychainPasswordItem.swift */,
				3FD0B15524F1945A0085306B /* BasicKeychain.swift */,
				3FD0B15124F194410085306B /* BasicKeychainDefaults.swift */,
			);
			path = KeychainItem;
			sourceTree = "<group>";
		};
		3FD0B15724F19BF60085306B /* KeychainDemoViewController */ = {
			isa = PBXGroup;
			children = (
				3FD0B13C24F193AB0085306B /* KeychainDemoViewController.swift */,
				3FD0B15824F19C070085306B /* KeychainDemoViewController+Keychain.swift */,
				3F20765924F19E8500973D36 /* KeychainDemoViewController+TextField.swift */,
			);
			path = KeychainDemoViewController;
			sourceTree = "<group>";
		};
/* End PBXGroup section */

/* Begin PBXNativeTarget section */
		3FD0B13424F193AB0085306B /* KeychainClearingSample */ = {
			isa = PBXNativeTarget;
			buildConfigurationList = 3FD0B14924F193AF0085306B /* Build configuration list for PBXNativeTarget "KeychainClearingSample" */;
			buildPhases = (
				3FD0B13124F193AB0085306B /* Sources */,
				3FD0B13224F193AB0085306B /* Frameworks */,
				3FD0B13324F193AB0085306B /* Resources */,
			);
			buildRules = (
			);
			dependencies = (
			);
			name = KeychainClearingSample;
			productName = KeychainClearingSample;
			productReference = 3FD0B13524F193AB0085306B /* KeychainClearingSample.app */;
			productType = "com.apple.product-type.application";
		};
/* End PBXNativeTarget section */

/* Begin PBXProject section */
		3FD0B12D24F193AB0085306B /* Project object */ = {
			isa = PBXProject;
			attributes = {
				LastSwiftUpdateCheck = 1150;
				LastUpgradeCheck = 1150;
				ORGANIZATIONNAME = yu;
				TargetAttributes = {
					3FD0B13424F193AB0085306B = {
						CreatedOnToolsVersion = 11.5;
					};
				};
			};
			buildConfigurationList = 3FD0B13024F193AB0085306B /* Build configuration list for PBXProject "KeychainClearingSample" */;
			compatibilityVersion = "Xcode 9.3";
			developmentRegion = en;
			hasScannedForEncodings = 0;
			knownRegions = (
				en,
				Base,
			);
			mainGroup = 3FD0B12C24F193AB0085306B;
			productRefGroup = 3FD0B13624F193AB0085306B /* Products */;
			projectDirPath = "";
			projectRoot = "";
			targets = (
				3FD0B13424F193AB0085306B /* KeychainClearingSample */,
			);
		};
/* End PBXProject section */

/* Begin PBXResourcesBuildPhase section */
		3FD0B13324F193AB0085306B /* Resources */ = {
			isa = PBXResourcesBuildPhase;
			buildActionMask = 2147483647;
			files = (
				3FD0B14524F193AF0085306B /* LaunchScreen.storyboard in Resources */,
				3FD0B14224F193AF0085306B /* Assets.xcassets in Resources */,
				3FD0B14024F193AB0085306B /* Main.storyboard in Resources */,
			);
			runOnlyForDeploymentPostprocessing = 0;
		};
/* End PBXResourcesBuildPhase section */

/* Begin PBXSourcesBuildPhase section */
		3FD0B13124F193AB0085306B /* Sources */ = {
			isa = PBXSourcesBuildPhase;
			buildActionMask = 2147483647;
			files = (
				3FD0B15224F194410085306B /* BasicKeychainDefaults.swift in Sources */,
				3FD0B15924F19C070085306B /* KeychainDemoViewController+Keychain.swift in Sources */,
				3FD0B13D24F193AB0085306B /* KeychainDemoViewController.swift in Sources */,
				3FD0B13924F193AB0085306B /* AppDelegate.swift in Sources */,
				3FD0B15624F1945A0085306B /* BasicKeychain.swift in Sources */,
				3FD0B15424F194450085306B /* KeychainPasswordItem.swift in Sources */,
				3F20765A24F19E8500973D36 /* KeychainDemoViewController+TextField.swift in Sources */,
			);
			runOnlyForDeploymentPostprocessing = 0;
		};
/* End PBXSourcesBuildPhase section */

/* Begin PBXVariantGroup section */
		3FD0B13E24F193AB0085306B /* Main.storyboard */ = {
			isa = PBXVariantGroup;
			children = (
				3FD0B13F24F193AB0085306B /* Base */,
			);
			name = Main.storyboard;
			sourceTree = "<group>";
		};
		3FD0B14324F193AF0085306B /* LaunchScreen.storyboard */ = {
			isa = PBXVariantGroup;
			children = (
				3FD0B14424F193AF0085306B /* Base */,
			);
			name = LaunchScreen.storyboard;
			sourceTree = "<group>";
		};
/* End PBXVariantGroup section */

/* Begin XCBuildConfiguration section */
		3FD0B14724F193AF0085306B /* Debug */ = {
			isa = XCBuildConfiguration;
			buildSettings = {
				ALWAYS_SEARCH_USER_PATHS = NO;
				CLANG_ANALYZER_NONNULL = YES;
				CLANG_ANALYZER_NUMBER_OBJECT_CONVERSION = YES_AGGRESSIVE;
				CLANG_CXX_LANGUAGE_STANDARD = "gnu++14";
				CLANG_CXX_LIBRARY = "libc++";
				CLANG_ENABLE_MODULES = YES;
				CLANG_ENABLE_OBJC_ARC = YES;
				CLANG_ENABLE_OBJC_WEAK = YES;
				CLANG_WARN_BLOCK_CAPTURE_AUTORELEASING = YES;
				CLANG_WARN_BOOL_CONVERSION = YES;
				CLANG_WARN_COMMA = YES;
				CLANG_WARN_CONSTANT_CONVERSION = YES;
				CLANG_WARN_DEPRECATED_OBJC_IMPLEMENTATIONS = YES;
				CLANG_WARN_DIRECT_OBJC_ISA_USAGE = YES_ERROR;
				CLANG_WARN_DOCUMENTATION_COMMENTS = YES;
				CLANG_WARN_EMPTY_BODY = YES;
				CLANG_WARN_ENUM_CONVERSION = YES;
				CLANG_WARN_INFINITE_RECURSION = YES;
				CLANG_WARN_INT_CONVERSION = YES;
				CLANG_WARN_NON_LITERAL_NULL_CONVERSION = YES;
				CLANG_WARN_OBJC_IMPLICIT_RETAIN_SELF = YES;
				CLANG_WARN_OBJC_LITERAL_CONVERSION = YES;
				CLANG_WARN_OBJC_ROOT_CLASS = YES_ERROR;
				CLANG_WARN_RANGE_LOOP_ANALYSIS = YES;
				CLANG_WARN_STRICT_PROTOTYPES = YES;
				CLANG_WARN_SUSPICIOUS_MOVE = YES;
				CLANG_WARN_UNGUARDED_AVAILABILITY = YES_AGGRESSIVE;
				CLANG_WARN_UNREACHABLE_CODE = YES;
				CLANG_WARN__DUPLICATE_METHOD_MATCH = YES;
				COPY_PHASE_STRIP = NO;
				DEBUG_INFORMATION_FORMAT = dwarf;
				ENABLE_STRICT_OBJC_MSGSEND = YES;
				ENABLE_TESTABILITY = YES;
				GCC_C_LANGUAGE_STANDARD = gnu11;
				GCC_DYNAMIC_NO_PIC = NO;
				GCC_NO_COMMON_BLOCKS = YES;
				GCC_OPTIMIZATION_LEVEL = 0;
				GCC_PREPROCESSOR_DEFINITIONS = (
					"DEBUG=1",
					"$(inherited)",
				);
				GCC_WARN_64_TO_32_BIT_CONVERSION = YES;
				GCC_WARN_ABOUT_RETURN_TYPE = YES_ERROR;
				GCC_WARN_UNDECLARED_SELECTOR = YES;
				GCC_WARN_UNINITIALIZED_AUTOS = YES_AGGRESSIVE;
				GCC_WARN_UNUSED_FUNCTION = YES;
				GCC_WARN_UNUSED_VARIABLE = YES;
				IPHONEOS_DEPLOYMENT_TARGET = 13.5;
				MTL_ENABLE_DEBUG_INFO = INCLUDE_SOURCE;
				MTL_FAST_MATH = YES;
				ONLY_ACTIVE_ARCH = YES;
				SDKROOT = iphoneos;
				SWIFT_ACTIVE_COMPILATION_CONDITIONS = DEBUG;
				SWIFT_OPTIMIZATION_LEVEL = "-Onone";
			};
			name = Debug;
		};
		3FD0B14824F193AF0085306B /* Release */ = {
			isa = XCBuildConfiguration;
			buildSettings = {
				ALWAYS_SEARCH_USER_PATHS = NO;
				CLANG_ANALYZER_NONNULL = YES;
				CLANG_ANALYZER_NUMBER_OBJECT_CONVERSION = YES_AGGRESSIVE;
				CLANG_CXX_LANGUAGE_STANDARD = "gnu++14";
				CLANG_CXX_LIBRARY = "libc++";
				CLANG_ENABLE_MODULES = YES;
				CLANG_ENABLE_OBJC_ARC = YES;
				CLANG_ENABLE_OBJC_WEAK = YES;
				CLANG_WARN_BLOCK_CAPTURE_AUTORELEASING = YES;
				CLANG_WARN_BOOL_CONVERSION = YES;
				CLANG_WARN_COMMA = YES;
				CLANG_WARN_CONSTANT_CONVERSION = YES;
				CLANG_WARN_DEPRECATED_OBJC_IMPLEMENTATIONS = YES;
				CLANG_WARN_DIRECT_OBJC_ISA_USAGE = YES_ERROR;
				CLANG_WARN_DOCUMENTATION_COMMENTS = YES;
				CLANG_WARN_EMPTY_BODY = YES;
				CLANG_WARN_ENUM_CONVERSION = YES;
				CLANG_WARN_INFINITE_RECURSION = YES;
				CLANG_WARN_INT_CONVERSION = YES;
				CLANG_WARN_NON_LITERAL_NULL_CONVERSION = YES;
				CLANG_WARN_OBJC_IMPLICIT_RETAIN_SELF = YES;
				CLANG_WARN_OBJC_LITERAL_CONVERSION = YES;
				CLANG_WARN_OBJC_ROOT_CLASS = YES_ERROR;
				CLANG_WARN_RANGE_LOOP_ANALYSIS = YES;
				CLANG_WARN_STRICT_PROTOTYPES = YES;
				CLANG_WARN_SUSPICIOUS_MOVE = YES;
				CLANG_WARN_UNGUARDED_AVAILABILITY = YES_AGGRESSIVE;
				CLANG_WARN_UNREACHABLE_CODE = YES;
				CLANG_WARN__DUPLICATE_METHOD_MATCH = YES;
				COPY_PHASE_STRIP = NO;
				DEBUG_INFORMATION_FORMAT = "dwarf-with-dsym";
				ENABLE_NS_ASSERTIONS = NO;
				ENABLE_STRICT_OBJC_MSGSEND = YES;
				GCC_C_LANGUAGE_STANDARD = gnu11;
				GCC_NO_COMMON_BLOCKS = YES;
				GCC_WARN_64_TO_32_BIT_CONVERSION = YES;
				GCC_WARN_ABOUT_RETURN_TYPE = YES_ERROR;
				GCC_WARN_UNDECLARED_SELECTOR = YES;
				GCC_WARN_UNINITIALIZED_AUTOS = YES_AGGRESSIVE;
				GCC_WARN_UNUSED_FUNCTION = YES;
				GCC_WARN_UNUSED_VARIABLE = YES;
				IPHONEOS_DEPLOYMENT_TARGET = 13.5;
				MTL_ENABLE_DEBUG_INFO = NO;
				MTL_FAST_MATH = YES;
				SDKROOT = iphoneos;
				SWIFT_COMPILATION_MODE = wholemodule;
				SWIFT_OPTIMIZATION_LEVEL = "-O";
				VALIDATE_PRODUCT = YES;
			};
			name = Release;
		};
		3FD0B14A24F193AF0085306B /* Debug */ = {
			isa = XCBuildConfiguration;
			buildSettings = {
				ASSETCATALOG_COMPILER_APPICON_NAME = AppIcon;
				CODE_SIGN_STYLE = Automatic;
				INFOPLIST_FILE = KeychainClearingSample/Info.plist;
				IPHONEOS_DEPLOYMENT_TARGET = 13.0;
				LD_RUNPATH_SEARCH_PATHS = (
					"$(inherited)",
					"@executable_path/Frameworks",
				);
				PRODUCT_BUNDLE_IDENTIFIER = yu.KeychainClearingSample;
				PRODUCT_NAME = "$(TARGET_NAME)";
				SWIFT_VERSION = 5.0;
				TARGETED_DEVICE_FAMILY = "1,2";
			};
			name = Debug;
		};
		3FD0B14B24F193AF0085306B /* Release */ = {
			isa = XCBuildConfiguration;
			buildSettings = {
				ASSETCATALOG_COMPILER_APPICON_NAME = AppIcon;
				CODE_SIGN_STYLE = Automatic;
				INFOPLIST_FILE = KeychainClearingSample/Info.plist;
				IPHONEOS_DEPLOYMENT_TARGET = 13.0;
				LD_RUNPATH_SEARCH_PATHS = (
					"$(inherited)",
					"@executable_path/Frameworks",
				);
				PRODUCT_BUNDLE_IDENTIFIER = yu.KeychainClearingSample;
				PRODUCT_NAME = "$(TARGET_NAME)";
				SWIFT_VERSION = 5.0;
				TARGETED_DEVICE_FAMILY = "1,2";
			};
			name = Release;
		};
/* End XCBuildConfiguration section */

/* Begin XCConfigurationList section */
		3FD0B13024F193AB0085306B /* Build configuration list for PBXProject "KeychainClearingSample" */ = {
			isa = XCConfigurationList;
			buildConfigurations = (
				3FD0B14724F193AF0085306B /* Debug */,
				3FD0B14824F193AF0085306B /* Release */,
			);
			defaultConfigurationIsVisible = 0;
			defaultConfigurationName = Release;
		};
		3FD0B14924F193AF0085306B /* Build configuration list for PBXNativeTarget "KeychainClearingSample" */ = {
			isa = XCConfigurationList;
			buildConfigurations = (
				3FD0B14A24F193AF0085306B /* Debug */,
				3FD0B14B24F193AF0085306B /* Release */,
			);
			defaultConfigurationIsVisible = 0;
			defaultConfigurationName = Release;
		};
/* End XCConfigurationList section */
	};
	rootObject = 3FD0B12D24F193AB0085306B /* Project object */;
}
